%{
  "atecc508a": {:hex, :atecc508a, "1.0.0", "7a3fb92b1abe893987773ca4b89d3bac1cc1b7b3fa3e5b6563e7450d9dc88161", [:mix], [{:circuits_i2c, "~> 1.0 or ~> 0.2", [hex: :circuits_i2c, repo: "hexpm", optional: false]}, {:x509, "~> 0.5.1 or ~> 0.6", [hex: :x509, repo: "hexpm", optional: false]}], "hexpm", "d1d247e93ec16ef2bdc6fa606bfd24f928d9cfc7b21458b5543f98473e2e283c"},
  "aws_signature": {:hex, :aws_signature, "0.2.0", "cc952020c8ffa2480159492844ea2493441b9b3d90f43d7015796a085a8d94d7", [:rebar3], [], "hexpm", "5e40314aa0c84a994f4f780c7184869391e8ff7a6cd2f739fd51ad9df96c9782"},
  "beam_notify": {:hex, :beam_notify, "1.0.0", "5b8dceed76f8ac4acadf4d2915ac85b98c42bb17d7dd58253c7593d2a0deedbd", [:make, :mix], [{:elixir_make, "~> 0.6", [hex: :elixir_make, repo: "hexpm", optional: false]}], "hexpm", "a80331f6c3596918affa408d91ed634106b7ae71b3fc589432363aca68378362"},
  "blue_heron": {:hex, :blue_heron, "0.3.0", "a9e1e8b4b34c2506f9a5e7b073a0e44cba2a6c2070f127eea10ad132c9c90d3c", [:mix], [], "hexpm", "190887a090fc8af7f9f6a6d2183dee6877b4a43a42d45315ce3d6d575ef0ef8e"},
  "blue_heron_transport_uart": {:hex, :blue_heron_transport_uart, "0.1.3", "51994ee3467e101d5a61a73e127d56ce275515c8b4389e8663c6218789014c99", [:mix], [{:blue_heron, "~> 0.2.1 or ~> 0.3.0", [hex: :blue_heron, repo: "hexpm", optional: false]}, {:circuits_uart, "~> 1.4", [hex: :circuits_uart, repo: "hexpm", optional: false]}], "hexpm", "90571db2d02d6dea68f8e7d05bf80e80a91fe9705fe172b9731f120e7b0d0c02"},
  "bmp280": {:hex, :bmp280, "0.2.11", "16e9539b70a9db0d5f84d5260df0a6352890d97d84c656dd3ebd128070558d22", [:mix], [{:circuits_i2c, "~> 1.0 or ~> 0.3.0", [hex: :circuits_i2c, repo: "hexpm", optional: false]}], "hexpm", "2c0bd7f7620ef5ca0782171d8de7425425b26575957c6476973c491780867c7a"},
  "bunt": {:hex, :bunt, "0.2.0", "951c6e801e8b1d2cbe58ebbd3e616a869061ddadcc4863d0a2182541acae9a38", [:mix], [], "hexpm", "7af5c7e09fe1d40f76c8e4f9dd2be7cebd83909f31fee7cd0e9eadc567da8353"},
  "castore": {:hex, :castore, "0.1.14", "3f6d7c7c1574c402fef29559d3f1a7389ba3524bc6a090a5e9e6abc3af65dcca", [:mix], [], "hexpm", "b34af542eadb727e6c8b37fdf73e18b2e02eb483a4ea0b52fd500bc23f052b7b"},
  "circuits_gpio": {:hex, :circuits_gpio, "1.0.0", "b2a493b1822ec712bfba7068a016930f6db5e31713b9b84ed8bc307c7c323682", [:make, :mix], [{:elixir_make, "~> 0.6", [hex: :elixir_make, repo: "hexpm", optional: false]}], "hexpm", "da64c1d9ba1329cd7ca7e63adcd68d73e2294d6b48eb66c9a1064f3db5c523f3"},
  "circuits_i2c": {:hex, :circuits_i2c, "1.0.1", "3a820dfa04bc5a92d0ec3c572cacb1a665802b2913fbc25784ed5a2020f12626", [:make, :mix], [{:elixir_make, "~> 0.6", [hex: :elixir_make, repo: "hexpm", optional: false]}], "hexpm", "e11393b3f462154ebec5d100859bd5d616e958d9f701e4d62af5764ee84f5213"},
  "circuits_spi": {:hex, :circuits_spi, "1.2.0", "526d1e4ac8124ccad15c80ddcfb1a16b32298d9206131925bba99cd4aef7ec01", [:make, :mix], [{:elixir_make, "~> 0.6", [hex: :elixir_make, repo: "hexpm", optional: false]}], "hexpm", "2d0a2be81281f118727ebfdbc90aaafcc98211da972b550a5b3a5e82c4c68e81"},
  "circuits_uart": {:hex, :circuits_uart, "1.4.3", "3753ed5b8792bab65f3e3c9c4ef00c51bcd5af7bb504bdfcba0648cb9b37e0de", [:mix], [{:elixir_make, "~> 0.6", [hex: :elixir_make, repo: "hexpm", optional: false]}], "hexpm", "80e568af4144ebf060af19d9354a545f96fe1ac069d91ac852ee9f2cee8af581"},
  "circular_buffer": {:hex, :circular_buffer, "0.4.0", "a51ea76bb03c4a38207934264bcc600018ead966728ca80da731458c5f940f8b", [:mix], [], "hexpm", "c604b19f2101982b63264e2ed90c6fb0fe502540b6af83ce95135ac9b6f2d847"},
  "cowboy": {:hex, :cowboy, "2.9.0", "865dd8b6607e14cf03282e10e934023a1bd8be6f6bacf921a7e2a96d800cd452", [:make, :rebar3], [{:cowlib, "2.11.0", [hex: :cowlib, repo: "hexpm", optional: false]}, {:ranch, "1.8.0", [hex: :ranch, repo: "hexpm", optional: false]}], "hexpm", "2c729f934b4e1aa149aff882f57c6372c15399a20d54f65c8d67bef583021bde"},
  "cowboy_telemetry": {:hex, :cowboy_telemetry, "0.4.0", "f239f68b588efa7707abce16a84d0d2acf3a0f50571f8bb7f56a15865aae820c", [:rebar3], [{:cowboy, "~> 2.7", [hex: :cowboy, repo: "hexpm", optional: false]}, {:telemetry, "~> 1.0", [hex: :telemetry, repo: "hexpm", optional: false]}], "hexpm", "7d98bac1ee4565d31b62d59f8823dfd8356a169e7fcbb83831b8a5397404c9de"},
  "cowlib": {:hex, :cowlib, "2.11.0", "0b9ff9c346629256c42ebe1eeb769a83c6cb771a6ee5960bd110ab0b9b872063", [:make, :rebar3], [], "hexpm", "2b3e9da0b21c4565751a6d4901c20d1b4cc25cbb7fd50d91d2ab6dd287bc86a9"},
  "credo": {:hex, :credo, "1.6.3", "0a9f8925dbc8f940031b789f4623fc9a0eea99d3eed600fe831e403eb96c6a83", [:mix], [{:bunt, "~> 0.2.0", [hex: :bunt, repo: "hexpm", optional: false]}, {:file_system, "~> 0.2.8", [hex: :file_system, repo: "hexpm", optional: false]}, {:jason, "~> 1.0", [hex: :jason, repo: "hexpm", optional: false]}], "hexpm", "1167cde00e6661d740fc54da2ee268e35d3982f027399b64d3e2e83af57a1180"},
  "dialyxir": {:hex, :dialyxir, "1.1.0", "c5aab0d6e71e5522e77beff7ba9e08f8e02bad90dfbeffae60eaf0cb47e29488", [:mix], [{:erlex, ">= 0.2.6", [hex: :erlex, repo: "hexpm", optional: false]}], "hexpm", "07ea8e49c45f15264ebe6d5b93799d4dd56a44036cf42d0ad9c960bc266c0b9a"},
  "earmark_parser": {:hex, :earmark_parser, "1.4.19", "de0d033d5ff9fc396a24eadc2fcf2afa3d120841eb3f1004d138cbf9273210e8", [:mix], [], "hexpm", "527ab6630b5c75c3a3960b75844c314ec305c76d9899bb30f71cb85952a9dc45"},
  "elixir_make": {:hex, :elixir_make, "0.6.3", "bc07d53221216838d79e03a8019d0839786703129599e9619f4ab74c8c096eac", [:mix], [], "hexpm", "f5cbd651c5678bcaabdbb7857658ee106b12509cd976c2c2fca99688e1daf716"},
  "erlex": {:hex, :erlex, "0.2.6", "c7987d15e899c7a2f34f5420d2a2ea0d659682c06ac607572df55a43753aa12e", [:mix], [], "hexpm", "2ed2e25711feb44d52b17d2780eabf998452f6efda104877a3881c2f8c0c0c75"},
  "file_system": {:hex, :file_system, "0.2.10", "fb082005a9cd1711c05b5248710f8826b02d7d1784e7c3451f9c1231d4fc162d", [:mix], [], "hexpm", "41195edbfb562a593726eda3b3e8b103a309b733ad25f3d642ba49696bf715dc"},
  "finch": {:hex, :finch, "0.9.1", "ab2b0151ba88543e221cb50bf0734860db55e8748816ee16e4997fe205f7b315", [:mix], [{:castore, "~> 0.1", [hex: :castore, repo: "hexpm", optional: false]}, {:mint, "~> 1.3", [hex: :mint, repo: "hexpm", optional: false]}, {:nimble_options, "~> 0.4.0", [hex: :nimble_options, repo: "hexpm", optional: false]}, {:nimble_pool, "~> 0.2", [hex: :nimble_pool, repo: "hexpm", optional: false]}, {:telemetry, "~> 0.4 or ~> 1.0", [hex: :telemetry, repo: "hexpm", optional: false]}], "hexpm", "6d6b898a59d19f84958eaffec40580f5a9ff88a31e93156707fa8b1d552aa425"},
  "gen_state_machine": {:hex, :gen_state_machine, "3.0.0", "1e57f86a494e5c6b14137ebef26a7eb342b3b0070c7135f2d6768ed3f6b6cdff", [:mix], [], "hexpm", "0a59652574bebceb7309f6b749d2a41b45fdeda8dbb4da0791e355dd19f0ed15"},
  "hpax": {:hex, :hpax, "0.1.1", "2396c313683ada39e98c20a75a82911592b47e5c24391363343bde74f82396ca", [:mix], [], "hexpm", "0ae7d5a0b04a8a60caf7a39fcf3ec476f35cc2cc16c05abea730d3ce6ac6c826"},
  "input_event": {:hex, :input_event, "1.0.0", "061f5524a746d067f50b1e1620857a3e0f815e0508c5331340cd164b06a723b1", [:make, :mix], [{:elixir_make, "~> 0.6", [hex: :elixir_make, repo: "hexpm", optional: false]}], "hexpm", "0470eb939199a5ec49bd626a220ed7074da8f3febb82046edd786b10a90588fc"},
  "jason": {:hex, :jason, "1.3.0", "fa6b82a934feb176263ad2df0dbd91bf633d4a46ebfdffea0c8ae82953714946", [:mix], [{:decimal, "~> 1.0 or ~> 2.0", [hex: :decimal, repo: "hexpm", optional: true]}], "hexpm", "53fc1f51255390e0ec7e50f9cb41e751c260d065dcba2bf0d08dc51a4002c2ac"},
  "kino": {:hex, :kino, "0.5.2", "42716edc9e41f17325f81a30985f81366cc673dfa5c559f58b8d7f8560b62212", [:mix], [{:ecto, "~> 3.0", [hex: :ecto, repo: "hexpm", optional: true]}, {:vega_lite, "~> 0.1.0", [hex: :vega_lite, repo: "hexpm", optional: true]}], "hexpm", "0911fb49ea6a26b4ac2ee10a075d9a08f5c8e5b5b9bbd385b7fb06f811c9949b"},
  "livebook": {:hex, :livebook, "0.5.2", "599752716f32cc7d8c494d89aa9da55fd3bc52a4abe777466e49d0b3b728d1ae", [:mix], [{:aws_signature, "0.2.0", [hex: :aws_signature, repo: "hexpm", optional: false]}, {:castore, "0.1.14", [hex: :castore, repo: "hexpm", optional: false]}, {:earmark_parser, "1.4.19", [hex: :earmark_parser, repo: "hexpm", optional: false]}, {:jason, "1.3.0", [hex: :jason, repo: "hexpm", optional: false]}, {:phoenix, "1.6.6", [hex: :phoenix, repo: "hexpm", optional: false]}, {:phoenix_html, "3.2.0", [hex: :phoenix_html, repo: "hexpm", optional: false]}, {:phoenix_live_dashboard, "0.6.2", [hex: :phoenix_live_dashboard, repo: "hexpm", optional: false]}, {:phoenix_live_view, "0.17.6", [hex: :phoenix_live_view, repo: "hexpm", optional: false]}, {:plug_cowboy, "2.5.2", [hex: :plug_cowboy, repo: "hexpm", optional: false]}, {:telemetry_metrics, "0.6.1", [hex: :telemetry_metrics, repo: "hexpm", optional: false]}, {:telemetry_poller, "1.0.0", [hex: :telemetry_poller, repo: "hexpm", optional: false]}], "hexpm", "1af1e38da6bf5ba8ebb4a296a1fdcd1f92edaec3bc34794f056dae40623d83d5"},
  "mdns_lite": {:hex, :mdns_lite, "0.8.4", "6daa3ff4ec046f2e87a0d8f6de315fe9607f469ae2fe5f5978c9ef16152e60cb", [:mix], [{:vintage_net, "~> 0.7", [hex: :vintage_net, repo: "hexpm", optional: true]}], "hexpm", "1fa1d1939eb8de081a76fe140641af6230e344f38077f9f30a1f65537f3b6eed"},
  "mime": {:hex, :mime, "2.0.2", "0b9e1a4c840eafb68d820b0e2158ef5c49385d17fb36855ac6e7e087d4b1dcc5", [:mix], [], "hexpm", "e6a3f76b4c277739e36c2e21a2c640778ba4c3846189d5ab19f97f126df5f9b7"},
  "mint": {:hex, :mint, "1.4.1", "49b3b6ea35a9a38836d2ad745251b01ca9ec062f7cb66f546bf22e6699137126", [:mix], [{:castore, "~> 0.1.0", [hex: :castore, repo: "hexpm", optional: true]}, {:hpax, "~> 0.1.1", [hex: :hpax, repo: "hexpm", optional: false]}], "hexpm", "cd261766e61011a9079cccf8fa9d826e7a397c24fbedf0e11b49312bea629b58"},
  "muontrap": {:hex, :muontrap, "1.0.0", "53a05c37f71cc5070aaa0858a774ae1f500160b7186a70565521a14ef7843c5a", [:make, :mix], [{:elixir_make, "~> 0.6", [hex: :elixir_make, repo: "hexpm", optional: false]}], "hexpm", "0d3cd6e335986f9c2af1b61f583375b0f0d91cea95b7ec7bc720f330b4dc9b49"},
  "nerves": {:hex, :nerves, "1.7.15", "c9842de9148d1d37111b61d8e1d68373d944ebc4a361ac7e6cb838d95c56882b", [:make, :mix], [{:castore, "~> 0.1", [hex: :castore, repo: "hexpm", optional: false]}, {:elixir_make, "~> 0.6", [hex: :elixir_make, repo: "hexpm", optional: false]}, {:jason, "~> 1.2", [hex: :jason, repo: "hexpm", optional: true]}], "hexpm", "27539be4013fb63da07bf6e953b96b37da2a7e913e5283c1e6863d17cebe4a35"},
  "nerves_key": {:hex, :nerves_key, "1.0.0", "8e24a3da1ed9b6ce71f8bbfc6fc2101895a576900791426d219a6a1c99965b28", [:mix], [{:atecc508a, "~> 1.0 or ~> 0.3.0", [hex: :atecc508a, repo: "hexpm", optional: false]}, {:nerves_key_pkcs11, "~> 1.0 or ~> 0.2", [hex: :nerves_key_pkcs11, repo: "hexpm", optional: false]}], "hexpm", "6fb6a4c49b37216d78ae87b7e3475c390ce7c03753b9349895b616867a02e681"},
  "nerves_key_pkcs11": {:hex, :nerves_key_pkcs11, "1.1.0", "b24edcbf079b311fe18bb411a7d3cc32a5dea4a70de20c8f3bde8b96a0db0044", [:make, :mix], [{:elixir_make, "~> 0.4", [hex: :elixir_make, repo: "hexpm", optional: false]}], "hexpm", "c11b955aaf4da2d3225e9f7edc2203d8cc3a7da37763829a869a9296ee9583fb"},
  "nerves_motd": {:hex, :nerves_motd, "0.1.6", "59460f68a8b02811a344435207ceaf67f80a0e06f373137f8b1b96b2009271e8", [:mix], [{:nerves_runtime, "~> 0.8", [hex: :nerves_runtime, repo: "hexpm", optional: false]}, {:nerves_time_zones, "~> 0.1", [hex: :nerves_time_zones, repo: "hexpm", optional: true]}], "hexpm", "867bf49495fa834dc85b3f50f1baae6bfcfa136c855777279697f61d49deb379"},
  "nerves_pack": {:hex, :nerves_pack, "0.6.0", "c9b82b2005a7ff5b247670e02ac3b1c75d07b0dac8eb02cb11fd429990c65900", [:mix], [{:mdns_lite, "~> 0.8", [hex: :mdns_lite, repo: "hexpm", optional: false]}, {:nerves_motd, "~> 0.1", [hex: :nerves_motd, repo: "hexpm", optional: false]}, {:nerves_runtime, "~> 0.6", [hex: :nerves_runtime, repo: "hexpm", optional: false]}, {:nerves_ssh, "~> 0.2", [hex: :nerves_ssh, repo: "hexpm", optional: false]}, {:nerves_time, "~> 0.3", [hex: :nerves_time, repo: "hexpm", optional: false]}, {:ring_logger, "~> 0.8", [hex: :ring_logger, repo: "hexpm", optional: false]}, {:vintage_net, "~> 0.10", [hex: :vintage_net, repo: "hexpm", optional: false]}, {:vintage_net_direct, "~> 0.10", [hex: :vintage_net_direct, repo: "hexpm", optional: false]}, {:vintage_net_ethernet, "~> 0.10", [hex: :vintage_net_ethernet, repo: "hexpm", optional: false]}, {:vintage_net_wifi, "~> 0.10", [hex: :vintage_net_wifi, repo: "hexpm", optional: false]}], "hexpm", "9d240008ac04fdac9e73c088c05ead78d4f4b8d7cea0f93b009a386c859f2503"},
  "nerves_runtime": {:hex, :nerves_runtime, "0.11.8", "dbfb1fbe5507c25c359d95118f007723a6aaa546d98e3425a81b54a8ab2dc81f", [:make, :mix], [{:elixir_make, "~> 0.6", [hex: :elixir_make, repo: "hexpm", optional: false]}, {:system_registry, "~> 0.8.0", [hex: :system_registry, repo: "hexpm", optional: false]}, {:uboot_env, "~> 1.0 or ~> 0.3.0", [hex: :uboot_env, repo: "hexpm", optional: false]}], "hexpm", "575b3ff1e030bbc060ec851d3a3530e6ba174f5f40575a472b0ee9f57c281831"},
  "nerves_ssh": {:hex, :nerves_ssh, "0.2.3", "616527fc3adffcb32e12cf9392565f23bde43e0da292c91d1ed344b945fd203a", [:mix], [{:nerves_runtime, "~> 0.11", [hex: :nerves_runtime, repo: "hexpm", optional: false]}, {:ssh_subsystem_fwup, "~> 0.5", [hex: :ssh_subsystem_fwup, repo: "hexpm", optional: false]}], "hexpm", "accc4b53dce2054160ae4734a27945276016f45185af293cd4f0e3987f10d2af"},
  "nerves_system_bbb": {:hex, :nerves_system_bbb, "2.13.2", "e9b3da52a5d1951f6c9a0cce1c2d0934ff07117c0e843e1626226c318ed73ce2", [:mix], [{:nerves, "~> 1.5.4 or ~> 1.6.0 or ~> 1.7.15", [hex: :nerves, repo: "hexpm", optional: false]}, {:nerves_system_br, "1.18.4", [hex: :nerves_system_br, repo: "hexpm", optional: false]}, {:nerves_toolchain_armv7_nerves_linux_gnueabihf, "~> 1.5.0", [hex: :nerves_toolchain_armv7_nerves_linux_gnueabihf, repo: "hexpm", optional: false]}], "hexpm", "42d9a163bb331efc2d42cdf9f69f9bd1f395831fe9e16c54b491f65e25120d39"},
  "nerves_system_br": {:hex, :nerves_system_br, "1.18.4", "97047c4ab9a75356145f6dda29b0843a9297e39c1cff6c4cc312fc5a4de88ca5", [:mix], [], "hexpm", "fb7c8ac3fca718faffaadc685a6faa3c22efedfea76bf2a86c5a49a45ca17d08"},
  "nerves_system_npi_imx6ull": {:hex, :nerves_system_npi_imx6ull, "0.6.3", "f9af7053798d85f064af6b9c028ac9c672cd75d95e0bc13aac8c6334c853a364", [:mix], [{:nerves, "~> 1.6.0 or ~> 1.7.15", [hex: :nerves, repo: "hexpm", optional: false]}, {:nerves_system_br, "1.18.4", [hex: :nerves_system_br, repo: "hexpm", optional: false]}, {:nerves_toolchain_armv7_nerves_linux_gnueabihf, "~> 1.5.0", [hex: :nerves_toolchain_armv7_nerves_linux_gnueabihf, repo: "hexpm", optional: false]}], "hexpm", "fbe496e0b83c9404f74813b343c335f04a98ba34f47b0108f61f7e2f9bfc498f"},
  "nerves_system_osd32mp1": {:hex, :nerves_system_osd32mp1, "0.9.2", "d52e7679764c6d6134c05d4cb9f40ac324c8d35ed551c7e9d4710de623a5b475", [:mix], [{:nerves, "~> 1.5.4 or ~> 1.6.0 or ~> 1.7.15", [hex: :nerves, repo: "hexpm", optional: false]}, {:nerves_system_br, "1.18.4", [hex: :nerves_system_br, repo: "hexpm", optional: false]}, {:nerves_toolchain_armv7_nerves_linux_gnueabihf, "~> 1.5.0", [hex: :nerves_toolchain_armv7_nerves_linux_gnueabihf, repo: "hexpm", optional: false]}], "hexpm", "bafdee2ff12d8694e7ead31afb503d7f47f37bb8b75f20812cbe77790286db6e"},
  "nerves_system_rpi": {:hex, :nerves_system_rpi, "1.18.2", "4ff66e3de51015e1c29178bad91fdf7b70fd577873bde0d09d894c812089fad4", [:mix], [{:nerves, "~> 1.5.4 or ~> 1.6.0 or ~> 1.7.15", [hex: :nerves, repo: "hexpm", optional: false]}, {:nerves_system_br, "1.18.4", [hex: :nerves_system_br, repo: "hexpm", optional: false]}, {:nerves_toolchain_armv6_nerves_linux_gnueabihf, "~> 1.5.0", [hex: :nerves_toolchain_armv6_nerves_linux_gnueabihf, repo: "hexpm", optional: false]}], "hexpm", "cbf491c0f51e021ccc9fb319e8a5d2d58b027c3e9184e806c26c5e092c4b8be6"},
  "nerves_system_rpi0": {:hex, :nerves_system_rpi0, "1.18.2", "45c619ec0735b54710e17fff6b0835fa87ed10cc988544b27f2675d330969eb1", [:mix], [{:nerves, "~> 1.5.4 or ~> 1.6.0 or ~> 1.7.15", [hex: :nerves, repo: "hexpm", optional: false]}, {:nerves_system_br, "1.18.4", [hex: :nerves_system_br, repo: "hexpm", optional: false]}, {:nerves_toolchain_armv6_nerves_linux_gnueabihf, "~> 1.5.0", [hex: :nerves_toolchain_armv6_nerves_linux_gnueabihf, repo: "hexpm", optional: false]}], "hexpm", "db29de888d4445e29c4b164269881f4c68431f6c0123bb72fdc43dfbc1984eb4"},
  "nerves_system_rpi2": {:hex, :nerves_system_rpi2, "1.18.2", "2fdb9db77c4017b17c6abd356caac5bda81c7935623e0602da4a4b6e7da0da3d", [:mix], [{:nerves, "~> 1.5.4 or ~> 1.6.0 or ~> 1.7.15", [hex: :nerves, repo: "hexpm", optional: false]}, {:nerves_system_br, "1.18.4", [hex: :nerves_system_br, repo: "hexpm", optional: false]}, {:nerves_toolchain_armv7_nerves_linux_gnueabihf, "~> 1.5.0", [hex: :nerves_toolchain_armv7_nerves_linux_gnueabihf, repo: "hexpm", optional: false]}], "hexpm", "fec72655cd9201ef053cb6d0e47215585ea8c54ba44fd6f1c58a4fe53ca87c4c"},
  "nerves_system_rpi3": {:hex, :nerves_system_rpi3, "1.18.2", "0cf12bb59417e35d4ded01aeca835c31c9d34d37f2f7320a142e0cfb6efe0292", [:mix], [{:nerves, "~> 1.5.4 or ~> 1.6.0 or ~> 1.7.15", [hex: :nerves, repo: "hexpm", optional: false]}, {:nerves_system_br, "1.18.4", [hex: :nerves_system_br, repo: "hexpm", optional: false]}, {:nerves_toolchain_armv7_nerves_linux_gnueabihf, "~> 1.5.0", [hex: :nerves_toolchain_armv7_nerves_linux_gnueabihf, repo: "hexpm", optional: false]}], "hexpm", "053fc03ee701937e1c439e2ef061b47c1d40c91e4efdfaf5a0e03732018000c1"},
  "nerves_system_rpi3a": {:hex, :nerves_system_rpi3a, "1.18.2", "abc03cd00302f963b7de59d225a1a64f3509d8cba33a5ab9c50586e7a8ca4743", [:mix], [{:nerves, "~> 1.5.4 or ~> 1.6.0 or ~> 1.7.15", [hex: :nerves, repo: "hexpm", optional: false]}, {:nerves_system_br, "1.18.4", [hex: :nerves_system_br, repo: "hexpm", optional: false]}, {:nerves_toolchain_armv7_nerves_linux_gnueabihf, "~> 1.5.0", [hex: :nerves_toolchain_armv7_nerves_linux_gnueabihf, repo: "hexpm", optional: false]}], "hexpm", "d2b5962bac1df929d647cfbe37df8b6f045b29d8b5adb8c843b6bbbec6c8e4d1"},
  "nerves_system_rpi4": {:hex, :nerves_system_rpi4, "1.18.2", "72fb0b5d4d4aeb2bd3eb196f78c40e7ed0b005b358b22480623daddcd5f7c980", [:mix], [{:nerves, "~> 1.5.4 or ~> 1.6.0 or ~> 1.7.15", [hex: :nerves, repo: "hexpm", optional: false]}, {:nerves_system_br, "1.18.4", [hex: :nerves_system_br, repo: "hexpm", optional: false]}, {:nerves_toolchain_aarch64_nerves_linux_gnu, "~> 1.5.0", [hex: :nerves_toolchain_aarch64_nerves_linux_gnu, repo: "hexpm", optional: false]}], "hexpm", "199d700e1841a852a52c9949c2c9b832ecb8e230759fa6155326e889e2b4ee04"},
  "nerves_system_x86_64": {:hex, :nerves_system_x86_64, "1.18.2", "0ceacb24beb2f5eeba87baaa8a1e3198d1757df1c7def7bc61bd8412f39062a6", [:mix], [{:nerves, "~> 1.5.4 or ~> 1.6.0 or ~> 1.7.15", [hex: :nerves, repo: "hexpm", optional: false]}, {:nerves_system_br, "1.18.4", [hex: :nerves_system_br, repo: "hexpm", optional: false]}, {:nerves_toolchain_x86_64_nerves_linux_musl, "~> 1.5.0", [hex: :nerves_toolchain_x86_64_nerves_linux_musl, repo: "hexpm", optional: false]}], "hexpm", "74f90dc48bef6839f43e93eaa11d8916f93b887596b20fdb2398e3eff0771107"},
  "nerves_time": {:hex, :nerves_time, "0.4.4", "ea44adbc00b24886079ca657e8caf9db5dec0bbbc336da17bddff9725c5a61e4", [:make, :mix], [{:elixir_make, "~> 0.6", [hex: :elixir_make, repo: "hexpm", optional: false]}, {:muontrap, "~> 1.0 or ~> 0.5", [hex: :muontrap, repo: "hexpm", optional: false]}], "hexpm", "3b207649a612c4603b8747bb2ffb309ad0a23e70be7e27ed2823cd6b998b5fb5"},
  "nerves_time_zones": {:hex, :nerves_time_zones, "0.1.10", "3f2c9a2febb1fd1775b7bd030927e479388f63e6262974395a7bcf62777b029a", [:make, :mix], [{:elixir_make, "~> 0.6", [hex: :elixir_make, repo: "hexpm", optional: false]}, {:zoneinfo, "~> 0.1.2", [hex: :zoneinfo, repo: "hexpm", optional: false]}], "hexpm", "22296c12353b154f90e74292f766c013c52db58fbc145ad26dd285807ca6b052"},
  "nerves_toolchain_aarch64_nerves_linux_gnu": {:hex, :nerves_toolchain_aarch64_nerves_linux_gnu, "1.5.0", "9f8a736c061178ef0b47925092b2aef5a61826168c65f30d43400e5357e2ac8c", [:mix], [{:nerves, "~> 1.4", [hex: :nerves, repo: "hexpm", optional: false]}, {:nerves_toolchain_ctng, "~> 1.8.5", [hex: :nerves_toolchain_ctng, repo: "hexpm", optional: false]}], "hexpm", "0d411d56a4429e12273d664a02128dc5ce80dd80b3201f79aa671b0a5548382d"},
  "nerves_toolchain_armv6_nerves_linux_gnueabihf": {:hex, :nerves_toolchain_armv6_nerves_linux_gnueabihf, "1.5.0", "c970b5e53c4e58509fd22618c8694f8f276b7c6d4d125122687e47ec22f8641e", [:mix], [{:nerves, "~> 1.0", [hex: :nerves, repo: "hexpm", optional: false]}, {:nerves_toolchain_ctng, "~> 1.8.5", [hex: :nerves_toolchain_ctng, repo: "hexpm", optional: false]}], "hexpm", "53a23604d5a484f663290d84061ee4fd1127c1d54a10c2d04d8266924427e1f2"},
  "nerves_toolchain_armv7_nerves_linux_gnueabihf": {:hex, :nerves_toolchain_armv7_nerves_linux_gnueabihf, "1.5.0", "51be4f07c4922add6cd342ac1f13c3110a425c33af4d45533d246012b8fd0878", [:mix], [{:nerves, "~> 1.0", [hex: :nerves, repo: "hexpm", optional: false]}, {:nerves_toolchain_ctng, "~> 1.8.5", [hex: :nerves_toolchain_ctng, repo: "hexpm", optional: false]}], "hexpm", "3b569f34b71892adae706640638cb9677f687ec941647b8f871479da79468b1a"},
  "nerves_toolchain_ctng": {:hex, :nerves_toolchain_ctng, "1.8.5", "f2dfd6e3b5f85889561b9f00c71510eea87c3d05760d20780285deb3c29ca212", [:mix], [{:nerves, "~> 1.0", [hex: :nerves, repo: "hexpm", optional: false]}], "hexpm", "2f65b1866f034054f3d61ee672b6d02f4de1d0b40bef74f49527b98ab46a39fc"},
  "nerves_toolchain_x86_64_nerves_linux_musl": {:hex, :nerves_toolchain_x86_64_nerves_linux_musl, "1.5.0", "badd84f09373163b76a4d758ea5e0795caa367ecc5811dcd2f82030b8b74ed8e", [:mix], [{:nerves, "~> 1.0", [hex: :nerves, repo: "hexpm", optional: false]}, {:nerves_toolchain_ctng, "~> 1.8.5", [hex: :nerves_toolchain_ctng, repo: "hexpm", optional: false]}], "hexpm", "c6117f1c58324dab956cb2a8847a88c73c54d084ca4898684578bd768fc4cfc0"},
  "nimble_options": {:hex, :nimble_options, "0.4.0", "c89babbab52221a24b8d1ff9e7d838be70f0d871be823165c94dd3418eea728f", [:mix], [], "hexpm", "e6701c1af326a11eea9634a3b1c62b475339ace9456c1a23ec3bc9a847bca02d"},
  "nimble_pool": {:hex, :nimble_pool, "0.2.5", "de45c2117443696d3d33baf53d0cfd25b742f84f79acafa1b08b52ee3c6b84fc", [:mix], [], "hexpm", "9d44cb33dbdc1301dd62294b56d02c8d74f725a99f667e11c7cc51bde7aa7f2f"},
  "nx": {:hex, :nx, "0.1.0", "8f8a047dc0fd2b1798406edf828b43c46cca648b13c58fd5abd52285316b3d86", [:mix], [], "hexpm", "24ce6e184dc9c7b7c6c247923bfbe994101a7fe049bd3fd376b5b0512f787256"},
  "one_dhcpd": {:hex, :one_dhcpd, "1.0.0", "fbadb9dd3aabdcdc7efd57c9fdb2b85217a615bc0b5bf1e4bef098f952d9b5e4", [:make, :mix], [{:elixir_make, "~> 0.6", [hex: :elixir_make, repo: "hexpm", optional: false]}], "hexpm", "c7b8e241954e2ec75be530c731805c6ff296ef764791ecc5da76e2477c91a4b9"},
  "phoenix": {:hex, :phoenix, "1.6.6", "281c8ce8dccc9f60607346b72cdfc597c3dde134dd9df28dff08282f0b751754", [:mix], [{:jason, "~> 1.0", [hex: :jason, repo: "hexpm", optional: true]}, {:phoenix_pubsub, "~> 2.0", [hex: :phoenix_pubsub, repo: "hexpm", optional: false]}, {:phoenix_view, "~> 1.0", [hex: :phoenix_view, repo: "hexpm", optional: false]}, {:plug, "~> 1.10", [hex: :plug, repo: "hexpm", optional: false]}, {:plug_cowboy, "~> 2.2", [hex: :plug_cowboy, repo: "hexpm", optional: true]}, {:plug_crypto, "~> 1.2", [hex: :plug_crypto, repo: "hexpm", optional: false]}, {:telemetry, "~> 0.4 or ~> 1.0", [hex: :telemetry, repo: "hexpm", optional: false]}], "hexpm", "807bd646e64cd9dc83db016199715faba72758e6db1de0707eef0a2da4924364"},
  "phoenix_html": {:hex, :phoenix_html, "3.2.0", "1c1219d4b6cb22ac72f12f73dc5fad6c7563104d083f711c3fcd8551a1f4ae11", [:mix], [{:plug, "~> 1.5", [hex: :plug, repo: "hexpm", optional: true]}], "hexpm", "36ec97ba56d25c0136ef1992c37957e4246b649d620958a1f9fa86165f8bc54f"},
  "phoenix_live_dashboard": {:hex, :phoenix_live_dashboard, "0.6.2", "0769470265eb13af01b5001b29cb935f4710d6adaa1ffc18417a570a337a2f0f", [:mix], [{:ecto, "~> 3.6.2 or ~> 3.7", [hex: :ecto, repo: "hexpm", optional: true]}, {:ecto_mysql_extras, "~> 0.3", [hex: :ecto_mysql_extras, repo: "hexpm", optional: true]}, {:ecto_psql_extras, "~> 0.7", [hex: :ecto_psql_extras, repo: "hexpm", optional: true]}, {:mime, "~> 1.6 or ~> 2.0", [hex: :mime, repo: "hexpm", optional: false]}, {:phoenix_live_view, "~> 0.17.1", [hex: :phoenix_live_view, repo: "hexpm", optional: false]}, {:telemetry_metrics, "~> 0.6.0", [hex: :telemetry_metrics, repo: "hexpm", optional: false]}], "hexpm", "5bc6c6b38a2ca8b5020b442322fcee6afd5e641637a0b1fb059d4bd89bc58e7b"},
  "phoenix_live_view": {:hex, :phoenix_live_view, "0.17.6", "3665f3ec426ac8d681cd7753ad4c85d2d247094dc4dc6add80dd6e3026045389", [:mix], [{:jason, "~> 1.0", [hex: :jason, repo: "hexpm", optional: true]}, {:phoenix, "~> 1.5.9 or ~> 1.6.0", [hex: :phoenix, repo: "hexpm", optional: false]}, {:phoenix_html, "~> 3.1", [hex: :phoenix_html, repo: "hexpm", optional: false]}, {:telemetry, "~> 0.4.2 or ~> 1.0", [hex: :telemetry, repo: "hexpm", optional: false]}], "hexpm", "62f06d4bbfc4dc5595070bc338119ab08e8e67a011e2923f9366419622149b9c"},
  "phoenix_pubsub": {:hex, :phoenix_pubsub, "2.0.0", "a1ae76717bb168cdeb10ec9d92d1480fec99e3080f011402c0a2d68d47395ffb", [:mix], [], "hexpm", "c52d948c4f261577b9c6fa804be91884b381a7f8f18450c5045975435350f771"},
  "phoenix_view": {:hex, :phoenix_view, "1.1.2", "1b82764a065fb41051637872c7bd07ed2fdb6f5c3bd89684d4dca6e10115c95a", [:mix], [{:phoenix_html, "~> 2.14.2 or ~> 3.0", [hex: :phoenix_html, repo: "hexpm", optional: true]}], "hexpm", "7ae90ad27b09091266f6adbb61e1d2516a7c3d7062c6789d46a7554ec40f3a56"},
  "picam": {:hex, :picam, "0.4.1", "a2d0d980cf8a18a0123477ac0c12ca11e6f060904d642d1d0672e8a43251576f", [:make, :mix], [{:elixir_make, "~> 0.5", [hex: :elixir_make, repo: "hexpm", optional: false]}], "hexpm", "2b99fd77152d409617951f5dea6b13c54d5220516531f9a762a937ef7316bba0"},
  "pigpiox": {:hex, :pigpiox, "0.1.2", "efbd55fb4b4507aaf44193cf6bf5fbdff288a351bdfed3f31bdc9377ee5623fd", [:mix], [], "hexpm", "c6b05fca2282bb9499181fac2c71a8116b74bb5ac9b853ffbcd1585e9900eec2"},
  "plug": {:hex, :plug, "1.13.3", "93b299039c21a8b82cc904d13812bce4ced45cf69153e8d35ca16ffb3e8c5d98", [:mix], [{:mime, "~> 1.0 or ~> 2.0", [hex: :mime, repo: "hexpm", optional: false]}, {:plug_crypto, "~> 1.1.1 or ~> 1.2", [hex: :plug_crypto, repo: "hexpm", optional: false]}, {:telemetry, "~> 0.4.3 or ~> 1.0", [hex: :telemetry, repo: "hexpm", optional: false]}], "hexpm", "98c8003e4faf7b74a9ac41bee99e328b08f069bf932747d4a7532e97ae837a17"},
  "plug_cowboy": {:hex, :plug_cowboy, "2.5.2", "62894ccd601cf9597e2c23911ff12798a8a18d237e9739f58a6b04e4988899fe", [:mix], [{:cowboy, "~> 2.7", [hex: :cowboy, repo: "hexpm", optional: false]}, {:cowboy_telemetry, "~> 0.3", [hex: :cowboy_telemetry, repo: "hexpm", optional: false]}, {:plug, "~> 1.7", [hex: :plug, repo: "hexpm", optional: false]}], "hexpm", "ea6e87f774c8608d60c8d34022a7d073bd7680a0a013f049fc62bf35efea1044"},
  "plug_crypto": {:hex, :plug_crypto, "1.2.2", "05654514ac717ff3a1843204b424477d9e60c143406aa94daf2274fdd280794d", [:mix], [], "hexpm", "87631c7ad914a5a445f0a3809f99b079113ae4ed4b867348dd9eec288cecb6db"},
  "ramoops_logger": {:hex, :ramoops_logger, "0.3.0", "c909408f5ec775c12ea3e06fb883c380fdd0f1c019a1f43426c2a9935cde62a7", [:mix], [], "hexpm", "f84f8b6e6a74d19a92f29bd746ba292068792d28f6963cea2de94d7b24afd593"},
  "ranch": {:hex, :ranch, "1.8.0", "8c7a100a139fd57f17327b6413e4167ac559fbc04ca7448e9be9057311597a1d", [:make, :rebar3], [], "hexpm", "49fbcfd3682fab1f5d109351b61257676da1a2fdbe295904176d5e521a2ddfe5"},
  "req": {:hex, :req, "0.2.1", "5d4ee7bc6666cd4d77e95f89ce75ca0ca73b6a25eeebbe2e7bc60cdd56d73865", [:mix], [{:finch, "~> 0.9.1", [hex: :finch, repo: "hexpm", optional: false]}, {:jason, "~> 1.0", [hex: :jason, repo: "hexpm", optional: false]}, {:mime, "~> 1.6 or ~> 2.0", [hex: :mime, repo: "hexpm", optional: false]}, {:nimble_csv, "~> 1.0", [hex: :nimble_csv, repo: "hexpm", optional: true]}], "hexpm", "ababd5c8a334848bde2bc3c2f518df22211c8533d863d15bfefa04796abc3633"},
  "ring_logger": {:hex, :ring_logger, "0.8.3", "c5850d97cbf984a229780b59832a9ddec602f8cd28ef81bafa55cd9b29eeac6d", [:mix], [{:circular_buffer, "~> 0.4.0", [hex: :circular_buffer, repo: "hexpm", optional: false]}], "hexpm", "50bb6cc689707558f3c75426149069c5097d77a58e2de5e18ed8f0ae071710ed"},
  "scroll_hat": {:hex, :scroll_hat, "0.2.1", "d408e6c4e02061dac2248de5be4113d63ba0270e781296368cd3f36cc22199ff", [:mix], [{:circuits_gpio, "~> 1.0 or ~> 0.4.8", [hex: :circuits_gpio, repo: "hexpm", optional: false]}, {:circuits_i2c, "~> 1.0 or ~> 0.3.9", [hex: :circuits_i2c, repo: "hexpm", optional: false]}], "hexpm", "e942b442afce282944953b59c0365ababfc4b1f66f153edd2ad3974c9f9205fa"},
  "shoehorn": {:hex, :shoehorn, "0.8.0", "05023f3d8da1713d14b7dada4be8d8c0f78b7bc40175036486d17c4323207d1b", [:mix], [], "hexpm", "17254e143b00a25fd7074e9fdf52abaac14ed670cbf50f783ab409f8938f6061"},
  "ssh_subsystem_fwup": {:hex, :ssh_subsystem_fwup, "0.6.0", "821b9cdf52b8dcc286183bce7641e62589373642a10180cd4cadd8e322bc4e8e", [:mix], [], "hexpm", "e5bcc923af4ae49368177437d20383730d096281beb18e9e9a36806aff1ca750"},
  "system_registry": {:hex, :system_registry, "0.8.2", "df791dc276652fcfb53be4dab823e05f8269b96ac57c26f86a67838dbc0eefe7", [:mix], [], "hexpm", "f7acdede22c73ab0b3735eead7f2095efb2a7a6198366564205274db2ca2a8f8"},
  "telemetry": {:hex, :telemetry, "1.0.0", "0f453a102cdf13d506b7c0ab158324c337c41f1cc7548f0bc0e130bbf0ae9452", [:rebar3], [], "hexpm", "73bc09fa59b4a0284efb4624335583c528e07ec9ae76aca96ea0673850aec57a"},
  "telemetry_metrics": {:hex, :telemetry_metrics, "0.6.1", "315d9163a1d4660aedc3fee73f33f1d355dcc76c5c3ab3d59e76e3edf80eef1f", [:mix], [{:telemetry, "~> 0.4 or ~> 1.0", [hex: :telemetry, repo: "hexpm", optional: false]}], "hexpm", "7be9e0871c41732c233be71e4be11b96e56177bf15dde64a8ac9ce72ac9834c6"},
  "telemetry_poller": {:hex, :telemetry_poller, "1.0.0", "db91bb424e07f2bb6e73926fcafbfcbcb295f0193e0a00e825e589a0a47e8453", [:rebar3], [{:telemetry, "~> 1.0", [hex: :telemetry, repo: "hexpm", optional: false]}], "hexpm", "b3a24eafd66c3f42da30fc3ca7dda1e9d546c12250a2d60d7b81d264fbec4f6e"},
  "toolshed": {:hex, :toolshed, "0.2.26", "1e50c8ff6da61d304dd59598667c403ff0873319afb73f40efda775a49e00c93", [:mix], [{:nerves_runtime, "~> 0.8", [hex: :nerves_runtime, repo: "hexpm", optional: true]}], "hexpm", "7e92e03731ed39c1261d5baf58576a771d116e2e3461db35cdd45c78a6b999b2"},
  "uboot_env": {:hex, :uboot_env, "1.0.0", "fdbe0afe65436f760cd372b16a58ccf7c76bbad1538f1766826e0ddbcaf80980", [:mix], [], "hexpm", "86754d5eae9643ca3094ee1d749b808f9d6f0d41b990e1191709b5a66c2b0757"},
  "vega_lite": {:hex, :vega_lite, "0.1.3", "38eeb47d66a881086d0e596b592e3aa75084115d00315c387716c131684f3513", [:mix], [], "hexpm", "ea6e8f951944144b15f26d0b33c255c2b1b553a65e3fffcd91784bfdc56ebb54"},
  "vintage_net": {:hex, :vintage_net, "0.11.5", "f9a11f6673301816e9fc1c681d7eebd7c8280adeda1de18324b19aecacd5d86c", [:make, :mix], [{:beam_notify, "~> 1.0 or ~> 0.2.0", [hex: :beam_notify, repo: "hexpm", optional: false]}, {:elixir_make, "~> 0.6", [hex: :elixir_make, repo: "hexpm", optional: false]}, {:gen_state_machine, "~> 2.0.0 or ~> 2.1.0 or ~> 3.0.0", [hex: :gen_state_machine, repo: "hexpm", optional: false]}, {:muontrap, "~> 1.0 or ~> 0.5.1 or ~> 0.6.0", [hex: :muontrap, repo: "hexpm", optional: false]}], "hexpm", "db3796103469ff1d78f2a02cda7f8e675f6d6a448ec7130d8a43f6c1be564331"},
  "vintage_net_direct": {:hex, :vintage_net_direct, "0.10.4", "1721c17bcd7f9f3882cf41380962c94b34c53dc340b386277cf60d9dcd583745", [:mix], [{:one_dhcpd, "~> 1.0 or ~> 0.2.3", [hex: :one_dhcpd, repo: "hexpm", optional: false]}, {:vintage_net, "~> 0.9.1 or ~> 0.10.0 or ~> 0.11.0", [hex: :vintage_net, repo: "hexpm", optional: false]}], "hexpm", "d81076fffd0d078020459bc673afcb7d4b6f644c43d0ebcee1e7fdbe28d1126e"},
  "vintage_net_ethernet": {:hex, :vintage_net_ethernet, "0.10.3", "5325c590459544f871b0a807061fa37c3833ed8f83b94b0a15d497177503d5c2", [:mix], [{:vintage_net, "~> 0.10.0 or ~> 0.11.0", [hex: :vintage_net, repo: "hexpm", optional: false]}], "hexpm", "4ec1ae7b2188829e493f54e0ba9e36ea53e8c95aecdf5950011ce4f13fe4ed52"},
  "vintage_net_wifi": {:hex, :vintage_net_wifi, "0.10.7", "186fb4f482b2b467af46fffa94bd628d15bb14b99bacf389261bb994baece9dd", [:make, :mix], [{:elixir_make, "~> 0.6", [hex: :elixir_make, repo: "hexpm", optional: false]}, {:vintage_net, "~> 0.10.0 or ~> 0.11.0", [hex: :vintage_net, repo: "hexpm", optional: false]}], "hexpm", "244e2d54ace35d8e178176e9121976eabec20cbf2b34ed17d2f9aad59169d505"},
  "x509": {:hex, :x509, "0.8.3", "2306b7e9e9dce35cf16a2608c8d85027fa35f37b33c500b775362bbfd388d224", [:mix], [], "hexpm", "101650f2f35de8528878ae9cd449cb2d0cdcd9974733640ef320fad757594684"},
  "zoneinfo": {:hex, :zoneinfo, "0.1.5", "e2487feadd7ba04a2bb74f84717aeb281dfe875bc1abb63169b9304707731543", [:mix], [], "hexpm", "45ee6f9860d1d5a2fbd7c297c18487c74429fd59238f2782104e2c27a7154e12"},
}
