%{
  "atecc508a": {:hex, :atecc508a, "1.0.0", "7a3fb92b1abe893987773ca4b89d3bac1cc1b7b3fa3e5b6563e7450d9dc88161", [:mix], [{:circuits_i2c, "~> 1.0 or ~> 0.2", [hex: :circuits_i2c, repo: "hexpm", optional: false]}, {:x509, "~> 0.5.1 or ~> 0.6", [hex: :x509, repo: "hexpm", optional: false]}], "hexpm", "d1d247e93ec16ef2bdc6fa606bfd24f928d9cfc7b21458b5543f98473e2e283c"},
  "aws_signature": {:hex, :aws_signature, "0.2.0", "cc952020c8ffa2480159492844ea2493441b9b3d90f43d7015796a085a8d94d7", [:rebar3], [], "hexpm", "5e40314aa0c84a994f4f780c7184869391e8ff7a6cd2f739fd51ad9df96c9782"},
  "beam_notify": {:hex, :beam_notify, "1.0.0", "5b8dceed76f8ac4acadf4d2915ac85b98c42bb17d7dd58253c7593d2a0deedbd", [:make, :mix], [{:elixir_make, "~> 0.6", [hex: :elixir_make, repo: "hexpm", optional: false]}], "hexpm", "a80331f6c3596918affa408d91ed634106b7ae71b3fc589432363aca68378362"},
  "blue_heron": {:hex, :blue_heron, "0.3.0", "a9e1e8b4b34c2506f9a5e7b073a0e44cba2a6c2070f127eea10ad132c9c90d3c", [:mix], [], "hexpm", "190887a090fc8af7f9f6a6d2183dee6877b4a43a42d45315ce3d6d575ef0ef8e"},
  "blue_heron_transport_uart": {:hex, :blue_heron_transport_uart, "0.1.2", "604e57e4bf9977c3d09b09630f6e968c312143bcfa41b74718386da00278b1a3", [:mix], [{:blue_heron, "~> 0.2.1", [hex: :blue_heron, repo: "hexpm", optional: false]}, {:circuits_uart, "~> 1.4", [hex: :circuits_uart, repo: "hexpm", optional: false]}], "hexpm", "99c83257cc1204653d5e7bd3319b1e200e6301f58c63715f15b6bae30c53e065"},
  "bmp280": {:hex, :bmp280, "0.2.11", "16e9539b70a9db0d5f84d5260df0a6352890d97d84c656dd3ebd128070558d22", [:mix], [{:circuits_i2c, "~> 1.0 or ~> 0.3.0", [hex: :circuits_i2c, repo: "hexpm", optional: false]}], "hexpm", "2c0bd7f7620ef5ca0782171d8de7425425b26575957c6476973c491780867c7a"},
  "castore": {:hex, :castore, "0.1.12", "b5755d7668668a74c0e3c4c68df91da927e063a5cade17d693eff04e6ab64805", [:mix], [], "hexpm", "981c79528f88ec4ffd627214ad4cdd25052dc56c002996c603011ae37ec1b4b0"},
  "circuits_gpio": {:hex, :circuits_gpio, "1.0.0", "b2a493b1822ec712bfba7068a016930f6db5e31713b9b84ed8bc307c7c323682", [:make, :mix], [{:elixir_make, "~> 0.6", [hex: :elixir_make, repo: "hexpm", optional: false]}], "hexpm", "da64c1d9ba1329cd7ca7e63adcd68d73e2294d6b48eb66c9a1064f3db5c523f3"},
  "circuits_i2c": {:hex, :circuits_i2c, "1.0.1", "3a820dfa04bc5a92d0ec3c572cacb1a665802b2913fbc25784ed5a2020f12626", [:make, :mix], [{:elixir_make, "~> 0.6", [hex: :elixir_make, repo: "hexpm", optional: false]}], "hexpm", "e11393b3f462154ebec5d100859bd5d616e958d9f701e4d62af5764ee84f5213"},
  "circuits_spi": {:hex, :circuits_spi, "1.1.0", "ccf732b2dbe9268147236c346e85369fc8b0318d41ca45b10efd250d3552129a", [:make, :mix], [{:elixir_make, "~> 0.6", [hex: :elixir_make, repo: "hexpm", optional: false]}], "hexpm", "cf8fbff3c02a5084259e72a15bb9a7d673b1a98970d542daaf36e6e03d85f960"},
  "circuits_uart": {:hex, :circuits_uart, "1.4.3", "3753ed5b8792bab65f3e3c9c4ef00c51bcd5af7bb504bdfcba0648cb9b37e0de", [:mix], [{:elixir_make, "~> 0.6", [hex: :elixir_make, repo: "hexpm", optional: false]}], "hexpm", "80e568af4144ebf060af19d9354a545f96fe1ac069d91ac852ee9f2cee8af581"},
  "circular_buffer": {:hex, :circular_buffer, "0.4.0", "a51ea76bb03c4a38207934264bcc600018ead966728ca80da731458c5f940f8b", [:mix], [], "hexpm", "c604b19f2101982b63264e2ed90c6fb0fe502540b6af83ce95135ac9b6f2d847"},
  "cowboy": {:hex, :cowboy, "2.9.0", "865dd8b6607e14cf03282e10e934023a1bd8be6f6bacf921a7e2a96d800cd452", [:make, :rebar3], [{:cowlib, "2.11.0", [hex: :cowlib, repo: "hexpm", optional: false]}, {:ranch, "1.8.0", [hex: :ranch, repo: "hexpm", optional: false]}], "hexpm", "2c729f934b4e1aa149aff882f57c6372c15399a20d54f65c8d67bef583021bde"},
  "cowboy_telemetry": {:hex, :cowboy_telemetry, "0.3.1", "ebd1a1d7aff97f27c66654e78ece187abdc646992714164380d8a041eda16754", [:rebar3], [{:cowboy, "~> 2.7", [hex: :cowboy, repo: "hexpm", optional: false]}, {:telemetry, "~> 0.4", [hex: :telemetry, repo: "hexpm", optional: false]}], "hexpm", "3a6efd3366130eab84ca372cbd4a7d3c3a97bdfcfb4911233b035d117063f0af"},
  "cowlib": {:hex, :cowlib, "2.11.0", "0b9ff9c346629256c42ebe1eeb769a83c6cb771a6ee5960bd110ab0b9b872063", [:make, :rebar3], [], "hexpm", "2b3e9da0b21c4565751a6d4901c20d1b4cc25cbb7fd50d91d2ab6dd287bc86a9"},
  "earmark_parser": {:hex, :earmark_parser, "1.4.18", "e1b2be73eb08a49fb032a0208bf647380682374a725dfb5b9e510def8397f6f2", [:mix], [], "hexpm", "114a0e85ec3cf9e04b811009e73c206394ffecfcc313e0b346de0d557774ee97"},
  "elixir_make": {:hex, :elixir_make, "0.6.3", "bc07d53221216838d79e03a8019d0839786703129599e9619f4ab74c8c096eac", [:mix], [], "hexpm", "f5cbd651c5678bcaabdbb7857658ee106b12509cd976c2c2fca99688e1daf716"},
  "gen_state_machine": {:hex, :gen_state_machine, "3.0.0", "1e57f86a494e5c6b14137ebef26a7eb342b3b0070c7135f2d6768ed3f6b6cdff", [:mix], [], "hexpm", "0a59652574bebceb7309f6b749d2a41b45fdeda8dbb4da0791e355dd19f0ed15"},
  "input_event": {:hex, :input_event, "1.0.0", "061f5524a746d067f50b1e1620857a3e0f815e0508c5331340cd164b06a723b1", [:make, :mix], [{:elixir_make, "~> 0.6", [hex: :elixir_make, repo: "hexpm", optional: false]}], "hexpm", "0470eb939199a5ec49bd626a220ed7074da8f3febb82046edd786b10a90588fc"},
  "jason": {:hex, :jason, "1.2.2", "ba43e3f2709fd1aa1dce90aaabfd039d000469c05c56f0b8e31978e03fa39052", [:mix], [{:decimal, "~> 1.0 or ~> 2.0", [hex: :decimal, repo: "hexpm", optional: true]}], "hexpm", "18a228f5f0058ee183f29f9eae0805c6e59d61c3b006760668d8d18ff0d12179"},
  "kino": {:hex, :kino, "0.4.1", "cdde263b0f2043ec61d73a66dbb9b3a3b4797409609305237d5b8065b5729f44", [:mix], [{:ecto, "~> 3.0", [hex: :ecto, repo: "hexpm", optional: true]}, {:vega_lite, "~> 0.1.0", [hex: :vega_lite, repo: "hexpm", optional: true]}], "hexpm", "5f37408e169aa2e6481313360f1b43d5580cc5fbd330ab83741f0aab70843f8a"},
  "livebook": {:hex, :livebook, "0.4.1", "5874f37e94fab97599dde08330cb711fee01ad4603e72caa1d9e43b7853581f8", [:mix], [{:aws_signature, "0.2.0", [hex: :aws_signature, repo: "hexpm", optional: false]}, {:castore, "0.1.12", [hex: :castore, repo: "hexpm", optional: false]}, {:earmark_parser, "1.4.18", [hex: :earmark_parser, repo: "hexpm", optional: false]}, {:jason, "1.2.2", [hex: :jason, repo: "hexpm", optional: false]}, {:phoenix, "1.6.2", [hex: :phoenix, repo: "hexpm", optional: false]}, {:phoenix_html, "3.1.0", [hex: :phoenix_html, repo: "hexpm", optional: false]}, {:phoenix_live_dashboard, "0.6.1", [hex: :phoenix_live_dashboard, repo: "hexpm", optional: false]}, {:phoenix_live_view, "0.17.5", [hex: :phoenix_live_view, repo: "hexpm", optional: false]}, {:plug_cowboy, "2.5.2", [hex: :plug_cowboy, repo: "hexpm", optional: false]}, {:telemetry_metrics, "0.6.1", [hex: :telemetry_metrics, repo: "hexpm", optional: false]}, {:telemetry_poller, "0.5.1", [hex: :telemetry_poller, repo: "hexpm", optional: false]}], "hexpm", "af690e78a17f15efc2b1b70ad6ca9d87b6a2a505fc943215d25a92fc93d966be"},
  "mdns_lite": {:hex, :mdns_lite, "0.8.4", "6daa3ff4ec046f2e87a0d8f6de315fe9607f469ae2fe5f5978c9ef16152e60cb", [:mix], [{:vintage_net, "~> 0.7", [hex: :vintage_net, repo: "hexpm", optional: true]}], "hexpm", "1fa1d1939eb8de081a76fe140641af6230e344f38077f9f30a1f65537f3b6eed"},
  "mime": {:hex, :mime, "1.6.0", "dabde576a497cef4bbdd60aceee8160e02a6c89250d6c0b29e56c0dfb00db3d2", [:mix], [], "hexpm", "31a1a8613f8321143dde1dafc36006a17d28d02bdfecb9e95a880fa7aabd19a7"},
  "muontrap": {:hex, :muontrap, "1.0.0", "53a05c37f71cc5070aaa0858a774ae1f500160b7186a70565521a14ef7843c5a", [:make, :mix], [{:elixir_make, "~> 0.6", [hex: :elixir_make, repo: "hexpm", optional: false]}], "hexpm", "0d3cd6e335986f9c2af1b61f583375b0f0d91cea95b7ec7bc720f330b4dc9b49"},
  "nerves": {:hex, :nerves, "1.7.13", "3a3c4aedd0d7204748c2e7f4d0acac9bfb8c022d2e489d5018cea5be733d2525", [:make, :mix], [{:castore, "~> 0.1", [hex: :castore, repo: "hexpm", optional: false]}, {:elixir_make, "~> 0.6", [hex: :elixir_make, repo: "hexpm", optional: false]}, {:jason, "~> 1.2", [hex: :jason, repo: "hexpm", optional: true]}], "hexpm", "906a67bbe35970a0a09cff32b137fa8db8f661a672a7b853115af0f9eba9a321"},
  "nerves_key": {:hex, :nerves_key, "1.0.0", "8e24a3da1ed9b6ce71f8bbfc6fc2101895a576900791426d219a6a1c99965b28", [:mix], [{:atecc508a, "~> 1.0 or ~> 0.3.0", [hex: :atecc508a, repo: "hexpm", optional: false]}, {:nerves_key_pkcs11, "~> 1.0 or ~> 0.2", [hex: :nerves_key_pkcs11, repo: "hexpm", optional: false]}], "hexpm", "6fb6a4c49b37216d78ae87b7e3475c390ce7c03753b9349895b616867a02e681"},
  "nerves_key_pkcs11": {:hex, :nerves_key_pkcs11, "1.0.1", "ccba3a079504256d3a09f00384c0e8cf749097b3a2c3e9e8653b731351b598ef", [:make, :mix], [{:elixir_make, "~> 0.4", [hex: :elixir_make, repo: "hexpm", optional: false]}], "hexpm", "72d7541ad24b242b8023c539ba8565bd29d6381853f9260741e76819bff6128f"},
  "nerves_motd": {:hex, :nerves_motd, "0.1.6", "59460f68a8b02811a344435207ceaf67f80a0e06f373137f8b1b96b2009271e8", [:mix], [{:nerves_runtime, "~> 0.8", [hex: :nerves_runtime, repo: "hexpm", optional: false]}, {:nerves_time_zones, "~> 0.1", [hex: :nerves_time_zones, repo: "hexpm", optional: true]}], "hexpm", "867bf49495fa834dc85b3f50f1baae6bfcfa136c855777279697f61d49deb379"},
  "nerves_pack": {:hex, :nerves_pack, "0.6.0", "c9b82b2005a7ff5b247670e02ac3b1c75d07b0dac8eb02cb11fd429990c65900", [:mix], [{:mdns_lite, "~> 0.8", [hex: :mdns_lite, repo: "hexpm", optional: false]}, {:nerves_motd, "~> 0.1", [hex: :nerves_motd, repo: "hexpm", optional: false]}, {:nerves_runtime, "~> 0.6", [hex: :nerves_runtime, repo: "hexpm", optional: false]}, {:nerves_ssh, "~> 0.2", [hex: :nerves_ssh, repo: "hexpm", optional: false]}, {:nerves_time, "~> 0.3", [hex: :nerves_time, repo: "hexpm", optional: false]}, {:ring_logger, "~> 0.8", [hex: :ring_logger, repo: "hexpm", optional: false]}, {:vintage_net, "~> 0.10", [hex: :vintage_net, repo: "hexpm", optional: false]}, {:vintage_net_direct, "~> 0.10", [hex: :vintage_net_direct, repo: "hexpm", optional: false]}, {:vintage_net_ethernet, "~> 0.10", [hex: :vintage_net_ethernet, repo: "hexpm", optional: false]}, {:vintage_net_wifi, "~> 0.10", [hex: :vintage_net_wifi, repo: "hexpm", optional: false]}], "hexpm", "9d240008ac04fdac9e73c088c05ead78d4f4b8d7cea0f93b009a386c859f2503"},
  "nerves_runtime": {:hex, :nerves_runtime, "0.11.8", "dbfb1fbe5507c25c359d95118f007723a6aaa546d98e3425a81b54a8ab2dc81f", [:make, :mix], [{:elixir_make, "~> 0.6", [hex: :elixir_make, repo: "hexpm", optional: false]}, {:system_registry, "~> 0.8.0", [hex: :system_registry, repo: "hexpm", optional: false]}, {:uboot_env, "~> 1.0 or ~> 0.3.0", [hex: :uboot_env, repo: "hexpm", optional: false]}], "hexpm", "575b3ff1e030bbc060ec851d3a3530e6ba174f5f40575a472b0ee9f57c281831"},
  "nerves_ssh": {:hex, :nerves_ssh, "0.2.3", "616527fc3adffcb32e12cf9392565f23bde43e0da292c91d1ed344b945fd203a", [:mix], [{:nerves_runtime, "~> 0.11", [hex: :nerves_runtime, repo: "hexpm", optional: false]}, {:ssh_subsystem_fwup, "~> 0.5", [hex: :ssh_subsystem_fwup, repo: "hexpm", optional: false]}], "hexpm", "accc4b53dce2054160ae4734a27945276016f45185af293cd4f0e3987f10d2af"},
  "nerves_system_bbb": {:hex, :nerves_system_bbb, "2.13.0", "c52a05dd6d3bc6e94f7504730fdf0c6f1534d8a6fa2ca04d2681fb7aa57b5232", [:mix], [{:nerves, "~> 1.5.4 or ~> 1.6.0 or ~> 1.7.4", [hex: :nerves, repo: "hexpm", optional: false]}, {:nerves_system_br, "1.18.2", [hex: :nerves_system_br, repo: "hexpm", optional: false]}, {:nerves_toolchain_armv7_nerves_linux_gnueabihf, "~> 1.5.0", [hex: :nerves_toolchain_armv7_nerves_linux_gnueabihf, repo: "hexpm", optional: false]}], "hexpm", "d9f3537e5d8edc21d5d1a9d80fb56a1fdba2b0c6da8943d24effe2a71e4c6cb9"},
  "nerves_system_br": {:hex, :nerves_system_br, "1.18.2", "46177a9d9a960b9f74b50e0ec7a9889c6b1ecdec5ffa8d95f2abc05782a22c20", [:mix], [], "hexpm", "c8adb118ceed54ac94603debd28b830dcea8de00ba1c4195f8964c22ee897787"},
  "nerves_system_npi_imx6ull": {:hex, :nerves_system_npi_imx6ull, "0.6.1", "d52d0a66de43b28f477111c1e1f659aa98c60c87f3ace701d7308e21d3ac9218", [:mix], [{:nerves, "~> 1.6.0 or ~> 1.7.4", [hex: :nerves, repo: "hexpm", optional: false]}, {:nerves_system_br, "1.18.2", [hex: :nerves_system_br, repo: "hexpm", optional: false]}, {:nerves_toolchain_armv7_nerves_linux_gnueabihf, "~> 1.5.0", [hex: :nerves_toolchain_armv7_nerves_linux_gnueabihf, repo: "hexpm", optional: false]}], "hexpm", "e08f3655431f13f29c781b8c2463914541fc05e15870b49ec6797aeaa675e49f"},
  "nerves_system_osd32mp1": {:hex, :nerves_system_osd32mp1, "0.9.0", "9aa5d416fab65d8a3e52d7e194d85dac032fab297236c92b9ed8580719ab076a", [:mix], [{:nerves, "~> 1.5.4 or ~> 1.6.0 or ~> 1.7.4", [hex: :nerves, repo: "hexpm", optional: false]}, {:nerves_system_br, "1.18.2", [hex: :nerves_system_br, repo: "hexpm", optional: false]}, {:nerves_toolchain_armv7_nerves_linux_gnueabihf, "~> 1.5.0", [hex: :nerves_toolchain_armv7_nerves_linux_gnueabihf, repo: "hexpm", optional: false]}], "hexpm", "482ffd931bc52e47e3d887150b045e006cb4651159cf417e8d634d5363ae1e81"},
  "nerves_system_rpi": {:hex, :nerves_system_rpi, "1.18.0", "506e2e4e1c8002c68a89eac1a906b954a30d3a757a4974f3e1f1ef386dfb5232", [:mix], [{:nerves, "~> 1.5.4 or ~> 1.6.0 or ~> 1.7.3", [hex: :nerves, repo: "hexpm", optional: false]}, {:nerves_system_br, "1.18.2", [hex: :nerves_system_br, repo: "hexpm", optional: false]}, {:nerves_toolchain_armv6_nerves_linux_gnueabihf, "~> 1.5.0", [hex: :nerves_toolchain_armv6_nerves_linux_gnueabihf, repo: "hexpm", optional: false]}], "hexpm", "abcc3de1780fd48c9986f062f5d17b81265e0ad6879d47e5e737fd3364dc2a82"},
  "nerves_system_rpi0": {:hex, :nerves_system_rpi0, "1.18.0", "cb4e626f2340bb3dd37a5ee83aac1491c6ec0369ba4309b670f78b6ba5f181c3", [:mix], [{:nerves, "~> 1.5.4 or ~> 1.6.0 or ~> 1.7.3", [hex: :nerves, repo: "hexpm", optional: false]}, {:nerves_system_br, "1.18.2", [hex: :nerves_system_br, repo: "hexpm", optional: false]}, {:nerves_toolchain_armv6_nerves_linux_gnueabihf, "~> 1.5.0", [hex: :nerves_toolchain_armv6_nerves_linux_gnueabihf, repo: "hexpm", optional: false]}], "hexpm", "0e2d4a05e68de9a736af768006079e523eed136ef995438f7c641b9bffede022"},
  "nerves_system_rpi2": {:hex, :nerves_system_rpi2, "1.18.0", "40637c1c8f15b1a9a26643912e7ff0c6577c719d78fa467d4fa2592d52356794", [:mix], [{:nerves, "~> 1.5.4 or ~> 1.6.0 or ~> 1.7.4", [hex: :nerves, repo: "hexpm", optional: false]}, {:nerves_system_br, "1.18.2", [hex: :nerves_system_br, repo: "hexpm", optional: false]}, {:nerves_toolchain_armv7_nerves_linux_gnueabihf, "~> 1.5.0", [hex: :nerves_toolchain_armv7_nerves_linux_gnueabihf, repo: "hexpm", optional: false]}], "hexpm", "a450a2774702550d4ef22df7d3e339b77ad5ee7a9e533e46069eca86a52afbcc"},
  "nerves_system_rpi3": {:hex, :nerves_system_rpi3, "1.18.0", "c5ad69e06fc3c11423d6b6ec4bf798108a71515faec102931227b904317e9349", [:mix], [{:nerves, "~> 1.5.4 or ~> 1.6.0 or ~> 1.7.4", [hex: :nerves, repo: "hexpm", optional: false]}, {:nerves_system_br, "1.18.2", [hex: :nerves_system_br, repo: "hexpm", optional: false]}, {:nerves_toolchain_armv7_nerves_linux_gnueabihf, "~> 1.5.0", [hex: :nerves_toolchain_armv7_nerves_linux_gnueabihf, repo: "hexpm", optional: false]}], "hexpm", "1358a4d0bcbc899be2920670c560eda11a1779372fc01aab69cb0ce52f712f8c"},
  "nerves_system_rpi3a": {:hex, :nerves_system_rpi3a, "1.18.0", "2953ed3e2c69eee2683fb9a39af9f8883ba031eb26e250fd5d137e6a258b7bb9", [:mix], [{:nerves, "~> 1.5.4 or ~> 1.6.0 or ~> 1.7.3", [hex: :nerves, repo: "hexpm", optional: false]}, {:nerves_system_br, "1.18.2", [hex: :nerves_system_br, repo: "hexpm", optional: false]}, {:nerves_toolchain_armv7_nerves_linux_gnueabihf, "~> 1.5.0", [hex: :nerves_toolchain_armv7_nerves_linux_gnueabihf, repo: "hexpm", optional: false]}], "hexpm", "5ac09698c23983399806fe8c66f289e86adb58cf8efe2a7e2f67bcafaa9ee4e6"},
  "nerves_system_rpi4": {:hex, :nerves_system_rpi4, "1.18.0", "25f68570adc0f74da20762a2b108bb60eba738c80940c10158383e374ec32935", [:mix], [{:nerves, "~> 1.5.4 or ~> 1.6.0 or ~> 1.7.3", [hex: :nerves, repo: "hexpm", optional: false]}, {:nerves_system_br, "1.18.2", [hex: :nerves_system_br, repo: "hexpm", optional: false]}, {:nerves_toolchain_aarch64_nerves_linux_gnu, "~> 1.5.0", [hex: :nerves_toolchain_aarch64_nerves_linux_gnu, repo: "hexpm", optional: false]}], "hexpm", "8ec29a06ba3d51d12c61672e2bf73e9a544d1211e6e06dce73ebcd6c937360db"},
  "nerves_system_x86_64": {:hex, :nerves_system_x86_64, "1.18.0", "005e38fceb301dcc5f914a2aa56caf7ed77b83c03d241d846847e35d09c47131", [:mix], [{:nerves, "~> 1.5.4 or ~> 1.6.0 or ~> 1.7.4", [hex: :nerves, repo: "hexpm", optional: false]}, {:nerves_system_br, "1.18.2", [hex: :nerves_system_br, repo: "hexpm", optional: false]}, {:nerves_toolchain_x86_64_nerves_linux_musl, "~> 1.5.0", [hex: :nerves_toolchain_x86_64_nerves_linux_musl, repo: "hexpm", optional: false]}], "hexpm", "761b36295ab48552f9f519e44dc82d24043b60073b2bc452128bdd7122b932fe"},
  "nerves_time": {:hex, :nerves_time, "0.4.4", "ea44adbc00b24886079ca657e8caf9db5dec0bbbc336da17bddff9725c5a61e4", [:make, :mix], [{:elixir_make, "~> 0.6", [hex: :elixir_make, repo: "hexpm", optional: false]}, {:muontrap, "~> 1.0 or ~> 0.5", [hex: :muontrap, repo: "hexpm", optional: false]}], "hexpm", "3b207649a612c4603b8747bb2ffb309ad0a23e70be7e27ed2823cd6b998b5fb5"},
  "nerves_time_zones": {:hex, :nerves_time_zones, "0.1.10", "3f2c9a2febb1fd1775b7bd030927e479388f63e6262974395a7bcf62777b029a", [:make, :mix], [{:elixir_make, "~> 0.6", [hex: :elixir_make, repo: "hexpm", optional: false]}, {:zoneinfo, "~> 0.1.2", [hex: :zoneinfo, repo: "hexpm", optional: false]}], "hexpm", "22296c12353b154f90e74292f766c013c52db58fbc145ad26dd285807ca6b052"},
  "nerves_toolchain_aarch64_nerves_linux_gnu": {:hex, :nerves_toolchain_aarch64_nerves_linux_gnu, "1.5.0", "9f8a736c061178ef0b47925092b2aef5a61826168c65f30d43400e5357e2ac8c", [:mix], [{:nerves, "~> 1.4", [hex: :nerves, repo: "hexpm", optional: false]}, {:nerves_toolchain_ctng, "~> 1.8.5", [hex: :nerves_toolchain_ctng, repo: "hexpm", optional: false]}], "hexpm", "0d411d56a4429e12273d664a02128dc5ce80dd80b3201f79aa671b0a5548382d"},
  "nerves_toolchain_armv6_nerves_linux_gnueabihf": {:hex, :nerves_toolchain_armv6_nerves_linux_gnueabihf, "1.5.0", "c970b5e53c4e58509fd22618c8694f8f276b7c6d4d125122687e47ec22f8641e", [:mix], [{:nerves, "~> 1.0", [hex: :nerves, repo: "hexpm", optional: false]}, {:nerves_toolchain_ctng, "~> 1.8.5", [hex: :nerves_toolchain_ctng, repo: "hexpm", optional: false]}], "hexpm", "53a23604d5a484f663290d84061ee4fd1127c1d54a10c2d04d8266924427e1f2"},
  "nerves_toolchain_armv7_nerves_linux_gnueabihf": {:hex, :nerves_toolchain_armv7_nerves_linux_gnueabihf, "1.5.0", "51be4f07c4922add6cd342ac1f13c3110a425c33af4d45533d246012b8fd0878", [:mix], [{:nerves, "~> 1.0", [hex: :nerves, repo: "hexpm", optional: false]}, {:nerves_toolchain_ctng, "~> 1.8.5", [hex: :nerves_toolchain_ctng, repo: "hexpm", optional: false]}], "hexpm", "3b569f34b71892adae706640638cb9677f687ec941647b8f871479da79468b1a"},
  "nerves_toolchain_ctng": {:hex, :nerves_toolchain_ctng, "1.8.5", "f2dfd6e3b5f85889561b9f00c71510eea87c3d05760d20780285deb3c29ca212", [:mix], [{:nerves, "~> 1.0", [hex: :nerves, repo: "hexpm", optional: false]}], "hexpm", "2f65b1866f034054f3d61ee672b6d02f4de1d0b40bef74f49527b98ab46a39fc"},
  "nerves_toolchain_x86_64_nerves_linux_musl": {:hex, :nerves_toolchain_x86_64_nerves_linux_musl, "1.5.0", "badd84f09373163b76a4d758ea5e0795caa367ecc5811dcd2f82030b8b74ed8e", [:mix], [{:nerves, "~> 1.0", [hex: :nerves, repo: "hexpm", optional: false]}, {:nerves_toolchain_ctng, "~> 1.8.5", [hex: :nerves_toolchain_ctng, repo: "hexpm", optional: false]}], "hexpm", "c6117f1c58324dab956cb2a8847a88c73c54d084ca4898684578bd768fc4cfc0"},
  "nx": {:hex, :nx, "0.1.0", "8f8a047dc0fd2b1798406edf828b43c46cca648b13c58fd5abd52285316b3d86", [:mix], [], "hexpm", "24ce6e184dc9c7b7c6c247923bfbe994101a7fe049bd3fd376b5b0512f787256"},
  "one_dhcpd": {:hex, :one_dhcpd, "1.0.0", "fbadb9dd3aabdcdc7efd57c9fdb2b85217a615bc0b5bf1e4bef098f952d9b5e4", [:make, :mix], [{:elixir_make, "~> 0.6", [hex: :elixir_make, repo: "hexpm", optional: false]}], "hexpm", "c7b8e241954e2ec75be530c731805c6ff296ef764791ecc5da76e2477c91a4b9"},
  "phoenix": {:hex, :phoenix, "1.6.2", "6cbd5c8ed7a797f25a919a37fafbc2fb1634c9cdb12a4448d7a5d0b26926f005", [:mix], [{:jason, "~> 1.0", [hex: :jason, repo: "hexpm", optional: true]}, {:phoenix_pubsub, "~> 2.0", [hex: :phoenix_pubsub, repo: "hexpm", optional: false]}, {:phoenix_view, "~> 1.0", [hex: :phoenix_view, repo: "hexpm", optional: false]}, {:plug, "~> 1.10", [hex: :plug, repo: "hexpm", optional: false]}, {:plug_cowboy, "~> 2.2", [hex: :plug_cowboy, repo: "hexpm", optional: true]}, {:plug_crypto, "~> 1.2", [hex: :plug_crypto, repo: "hexpm", optional: false]}, {:telemetry, "~> 0.4 or ~> 1.0", [hex: :telemetry, repo: "hexpm", optional: false]}], "hexpm", "7bbee475acae0c3abc229b7f189e210ea788e63bd168e585f60c299a4b2f9133"},
  "phoenix_html": {:hex, :phoenix_html, "3.1.0", "0b499df05aad27160d697a9362f0e89fa0e24d3c7a9065c2bd9d38b4d1416c09", [:mix], [{:plug, "~> 1.5", [hex: :plug, repo: "hexpm", optional: true]}], "hexpm", "0c0a98a2cefa63433657983a2a594c7dee5927e4391e0f1bfd3a151d1def33fc"},
  "phoenix_live_dashboard": {:hex, :phoenix_live_dashboard, "0.6.1", "fb94a33c077141f9ac7930b322a7a3b99f9b144bf3a08dd667b9f9aaf0319889", [:mix], [{:ecto, "~> 3.6.2 or ~> 3.7", [hex: :ecto, repo: "hexpm", optional: true]}, {:ecto_mysql_extras, "~> 0.3", [hex: :ecto_mysql_extras, repo: "hexpm", optional: true]}, {:ecto_psql_extras, "~> 0.7", [hex: :ecto_psql_extras, repo: "hexpm", optional: true]}, {:mime, "~> 1.6.0", [hex: :mime, repo: "hexpm", optional: false]}, {:phoenix_live_view, "~> 0.17.1", [hex: :phoenix_live_view, repo: "hexpm", optional: false]}, {:telemetry_metrics, "~> 0.6.0", [hex: :telemetry_metrics, repo: "hexpm", optional: false]}], "hexpm", "6faf1373e5846c8ab68c2cf55cfa5c196c1fbbe0c72d12a4cdfaaac6ef189948"},
  "phoenix_live_view": {:hex, :phoenix_live_view, "0.17.5", "63f52a6f9f6983f04e424586ff897c016ecc5e4f8d1e2c22c2887af1c57215d8", [:mix], [{:jason, "~> 1.0", [hex: :jason, repo: "hexpm", optional: true]}, {:phoenix, "~> 1.5.9 or ~> 1.6.0", [hex: :phoenix, repo: "hexpm", optional: false]}, {:phoenix_html, "~> 3.1", [hex: :phoenix_html, repo: "hexpm", optional: false]}, {:telemetry, "~> 0.4.2 or ~> 1.0", [hex: :telemetry, repo: "hexpm", optional: false]}], "hexpm", "c5586e6a3d4df71b8214c769d4f5eb8ece2b4001711a7ca0f97323c36958b0e3"},
  "phoenix_pubsub": {:hex, :phoenix_pubsub, "2.0.0", "a1ae76717bb168cdeb10ec9d92d1480fec99e3080f011402c0a2d68d47395ffb", [:mix], [], "hexpm", "c52d948c4f261577b9c6fa804be91884b381a7f8f18450c5045975435350f771"},
  "phoenix_view": {:hex, :phoenix_view, "1.0.0", "fea71ecaaed71178b26dd65c401607de5ec22e2e9ef141389c721b3f3d4d8011", [:mix], [{:phoenix_html, "~> 2.14.2 or ~> 3.0", [hex: :phoenix_html, repo: "hexpm", optional: true]}], "hexpm", "82be3e2516f5633220246e2e58181282c71640dab7afc04f70ad94253025db0c"},
  "pigpiox": {:hex, :pigpiox, "0.1.2", "efbd55fb4b4507aaf44193cf6bf5fbdff288a351bdfed3f31bdc9377ee5623fd", [:mix], [], "hexpm", "c6b05fca2282bb9499181fac2c71a8116b74bb5ac9b853ffbcd1585e9900eec2"},
  "plug": {:hex, :plug, "1.12.1", "645678c800601d8d9f27ad1aebba1fdb9ce5b2623ddb961a074da0b96c35187d", [:mix], [{:mime, "~> 1.0 or ~> 2.0", [hex: :mime, repo: "hexpm", optional: false]}, {:plug_crypto, "~> 1.1.1 or ~> 1.2", [hex: :plug_crypto, repo: "hexpm", optional: false]}, {:telemetry, "~> 0.4.3 or ~> 1.0", [hex: :telemetry, repo: "hexpm", optional: false]}], "hexpm", "d57e799a777bc20494b784966dc5fbda91eb4a09f571f76545b72a634ce0d30b"},
  "plug_cowboy": {:hex, :plug_cowboy, "2.5.2", "62894ccd601cf9597e2c23911ff12798a8a18d237e9739f58a6b04e4988899fe", [:mix], [{:cowboy, "~> 2.7", [hex: :cowboy, repo: "hexpm", optional: false]}, {:cowboy_telemetry, "~> 0.3", [hex: :cowboy_telemetry, repo: "hexpm", optional: false]}, {:plug, "~> 1.7", [hex: :plug, repo: "hexpm", optional: false]}], "hexpm", "ea6e87f774c8608d60c8d34022a7d073bd7680a0a013f049fc62bf35efea1044"},
  "plug_crypto": {:hex, :plug_crypto, "1.2.2", "05654514ac717ff3a1843204b424477d9e60c143406aa94daf2274fdd280794d", [:mix], [], "hexpm", "87631c7ad914a5a445f0a3809f99b079113ae4ed4b867348dd9eec288cecb6db"},
  "ramoops_logger": {:hex, :ramoops_logger, "0.3.0", "c909408f5ec775c12ea3e06fb883c380fdd0f1c019a1f43426c2a9935cde62a7", [:mix], [], "hexpm", "f84f8b6e6a74d19a92f29bd746ba292068792d28f6963cea2de94d7b24afd593"},
  "ranch": {:hex, :ranch, "1.8.0", "8c7a100a139fd57f17327b6413e4167ac559fbc04ca7448e9be9057311597a1d", [:make, :rebar3], [], "hexpm", "49fbcfd3682fab1f5d109351b61257676da1a2fdbe295904176d5e521a2ddfe5"},
  "ring_logger": {:hex, :ring_logger, "0.8.3", "c5850d97cbf984a229780b59832a9ddec602f8cd28ef81bafa55cd9b29eeac6d", [:mix], [{:circular_buffer, "~> 0.4.0", [hex: :circular_buffer, repo: "hexpm", optional: false]}], "hexpm", "50bb6cc689707558f3c75426149069c5097d77a58e2de5e18ed8f0ae071710ed"},
  "scroll_hat": {:hex, :scroll_hat, "0.2.1", "d408e6c4e02061dac2248de5be4113d63ba0270e781296368cd3f36cc22199ff", [:mix], [{:circuits_gpio, "~> 1.0 or ~> 0.4.8", [hex: :circuits_gpio, repo: "hexpm", optional: false]}, {:circuits_i2c, "~> 1.0 or ~> 0.3.9", [hex: :circuits_i2c, repo: "hexpm", optional: false]}], "hexpm", "e942b442afce282944953b59c0365ababfc4b1f66f153edd2ad3974c9f9205fa"},
  "shoehorn": {:hex, :shoehorn, "0.8.0", "05023f3d8da1713d14b7dada4be8d8c0f78b7bc40175036486d17c4323207d1b", [:mix], [], "hexpm", "17254e143b00a25fd7074e9fdf52abaac14ed670cbf50f783ab409f8938f6061"},
  "ssh_subsystem_fwup": {:hex, :ssh_subsystem_fwup, "0.6.0", "821b9cdf52b8dcc286183bce7641e62589373642a10180cd4cadd8e322bc4e8e", [:mix], [], "hexpm", "e5bcc923af4ae49368177437d20383730d096281beb18e9e9a36806aff1ca750"},
  "system_registry": {:hex, :system_registry, "0.8.2", "df791dc276652fcfb53be4dab823e05f8269b96ac57c26f86a67838dbc0eefe7", [:mix], [], "hexpm", "f7acdede22c73ab0b3735eead7f2095efb2a7a6198366564205274db2ca2a8f8"},
  "telemetry": {:hex, :telemetry, "0.4.3", "a06428a514bdbc63293cd9a6263aad00ddeb66f608163bdec7c8995784080818", [:rebar3], [], "hexpm", "eb72b8365ffda5bed68a620d1da88525e326cb82a75ee61354fc24b844768041"},
  "telemetry_metrics": {:hex, :telemetry_metrics, "0.6.1", "315d9163a1d4660aedc3fee73f33f1d355dcc76c5c3ab3d59e76e3edf80eef1f", [:mix], [{:telemetry, "~> 0.4 or ~> 1.0", [hex: :telemetry, repo: "hexpm", optional: false]}], "hexpm", "7be9e0871c41732c233be71e4be11b96e56177bf15dde64a8ac9ce72ac9834c6"},
  "telemetry_poller": {:hex, :telemetry_poller, "0.5.1", "21071cc2e536810bac5628b935521ff3e28f0303e770951158c73eaaa01e962a", [:rebar3], [{:telemetry, "~> 0.4", [hex: :telemetry, repo: "hexpm", optional: false]}], "hexpm", "4cab72069210bc6e7a080cec9afffad1b33370149ed5d379b81c7c5f0c663fd4"},
  "toolshed": {:hex, :toolshed, "0.2.25", "909672ae6b8c209cc189ff167e99497734bfed51cf88e0468e2f916afab221f2", [:mix], [{:nerves_runtime, "~> 0.8", [hex: :nerves_runtime, repo: "hexpm", optional: true]}], "hexpm", "a532bc6803a79c0f63b58cf38b00ca9eebb6969fc4f5788a1a4c44fa1bff2e84"},
  "uboot_env": {:hex, :uboot_env, "1.0.0", "fdbe0afe65436f760cd372b16a58ccf7c76bbad1538f1766826e0ddbcaf80980", [:mix], [], "hexpm", "86754d5eae9643ca3094ee1d749b808f9d6f0d41b990e1191709b5a66c2b0757"},
  "vega_lite": {:hex, :vega_lite, "0.1.2", "4a4000b41d4e587bd15d878b1ea30436b4a9631ea85122679e8bd0fbe0196c81", [:mix], [], "hexpm", "16fea5bcc552dd2c999b6cc69139944ff5d6327a9a7665ce0d63a0916c118c09"},
  "vintage_net": {:hex, :vintage_net, "0.11.4", "af3ad21ea610ff49016c1aad3594d56792b2a5009c16e5ea7b32f8d8753fc8bc", [:make, :mix], [{:beam_notify, "~> 1.0 or ~> 0.2.0", [hex: :beam_notify, repo: "hexpm", optional: false]}, {:elixir_make, "~> 0.6", [hex: :elixir_make, repo: "hexpm", optional: false]}, {:gen_state_machine, "~> 2.0.0 or ~> 2.1.0 or ~> 3.0.0", [hex: :gen_state_machine, repo: "hexpm", optional: false]}, {:muontrap, "~> 1.0 or ~> 0.5.1 or ~> 0.6.0", [hex: :muontrap, repo: "hexpm", optional: false]}], "hexpm", "a2ee7ff7bdf3f79b75974eda6fa92f7270ed30c8d0bab41d2321cf08cc5ad114"},
  "vintage_net_direct": {:hex, :vintage_net_direct, "0.10.3", "23d215dc4dc9e3198f0f1f064721f80ebb649e6f2ff87b7adb2af641f62230f4", [:mix], [{:one_dhcpd, "~> 1.0 or ~> 0.2.3", [hex: :one_dhcpd, repo: "hexpm", optional: false]}, {:vintage_net, "~> 0.9.1 or ~> 0.10.0 or ~> 0.11.0", [hex: :vintage_net, repo: "hexpm", optional: false]}], "hexpm", "221dfb2d1d37fd70b3cda46c607b29dc62e5c23c355b6c47a90b8eb786070006"},
  "vintage_net_ethernet": {:hex, :vintage_net_ethernet, "0.10.3", "5325c590459544f871b0a807061fa37c3833ed8f83b94b0a15d497177503d5c2", [:mix], [{:vintage_net, "~> 0.10.0 or ~> 0.11.0", [hex: :vintage_net, repo: "hexpm", optional: false]}], "hexpm", "4ec1ae7b2188829e493f54e0ba9e36ea53e8c95aecdf5950011ce4f13fe4ed52"},
  "vintage_net_wifi": {:hex, :vintage_net_wifi, "0.10.6", "f5509f7c455ee5f4bc52174ada4d8eaf6e6e597f9d5ba51f17ffed613c0e0a8a", [:make, :mix], [{:elixir_make, "~> 0.6", [hex: :elixir_make, repo: "hexpm", optional: false]}, {:vintage_net, "~> 0.10.0 or ~> 0.11.0", [hex: :vintage_net, repo: "hexpm", optional: false]}], "hexpm", "2d94acb727ba5982e1c17b50cb08594d644f8da7bd8f9a56c68d2de972319080"},
  "x509": {:hex, :x509, "0.8.3", "2306b7e9e9dce35cf16a2608c8d85027fa35f37b33c500b775362bbfd388d224", [:mix], [], "hexpm", "101650f2f35de8528878ae9cd449cb2d0cdcd9974733640ef320fad757594684"},
  "zoneinfo": {:hex, :zoneinfo, "0.1.4", "45993b51504a8b0bf0104879a9905776f5ccece99f8389cee34ff203e9f2eca0", [:mix], [], "hexpm", "3725fe8966a3fb3830c596f646c35bae21e79495098dc8f9077531d1baf272db"},
}
